
Microsoft Visual Studio Solution File, Format Version 12.00
# Visual Studio Version 16
VisualStudioVersion = 16.0.30225.117
MinimumVisualStudioVersion = 10.0.40219.1
Project("{F184B08F-C81C-45F6-A57F-5ABD9991F28F}") = "web_InfoB_Setting", "web_InfoB_Setting\web_InfoB_Setting.vbproj", "{3E89AFC4-9652-40F1-9FFA-C539B38ABBB4}"
EndProject
Project("{F184B08F-C81C-45F6-A57F-5ABD9991F28F}") = "app_InfoB_Setting", "app_InfoB_Setting\app_InfoB_Setting.vbproj", "{001BB7AA-3064-4F60-8A7F-0BA83F4C3960}"
EndProject
Project("{2150E333-8FDC-42A3-9474-1A3956D46DE8}") = "Solution Items", "Solution Items", "{11CB7DFF-CEE3-43F7-9DAB-C31470F7C8D0}"
	ProjectSection(SolutionItems) = preProject
		note.txt = note.txt
	EndProjectSection
EndProject
Global
	GlobalSection(SolutionConfigurationPlatforms) = preSolution
		Debug|Any CPU = Debug|Any CPU
		Release|Any CPU = Release|Any CPU
	EndGlobalSection
	GlobalSection(ProjectConfigurationPlatforms) = postSolution
		{3E89AFC4-9652-40F1-9FFA-C539B38ABBB4}.Debug|Any CPU.ActiveCfg = Debug|Any CPU
		{3E89AFC4-9652-40F1-9FFA-C539B38ABBB4}.Debug|Any CPU.Build.0 = Debug|Any CPU
		{3E89AFC4-9652-40F1-9FFA-C539B38ABBB4}.Release|Any CPU.ActiveCfg = Release|Any CPU
		{3E89AFC4-9652-40F1-9FFA-C539B38ABBB4}.Release|Any CPU.Build.0 = Release|Any CPU
		{001BB7AA-3064-4F60-8A7F-0BA83F4C3960}.Debug|Any CPU.ActiveCfg = Debug|Any CPU
		{001BB7AA-3064-4F60-8A7F-0BA83F4C3960}.Debug|Any CPU.Build.0 = Debug|Any CPU
		{001BB7AA-3064-4F60-8A7F-0BA83F4C3960}.Release|Any CPU.ActiveCfg = Release|Any CPU
		{001BB7AA-3064-4F60-8A7F-0BA83F4C3960}.Release|Any CPU.Build.0 = Release|Any CPU
	EndGlobalSection
	GlobalSection(SolutionProperties) = preSolution
		HideSolutionNode = FALSE
	EndGlobalSection
	GlobalSection(ExtensibilityGlobals) = postSolution
		SolutionGuid = {C53C6BA0-7191-4655-BA0E-037CB3DB6D39}
	EndGlobalSection
EndGlobal
